
Microsoft Visual Studio Solution File, Format Version 12.00
# Visual Studio Version 17
VisualStudioVersion = 17.9.34723.18
MinimumVisualStudioVersion = 10.0.40219.1
Project("{9A19103F-16F7-4668-BE54-9A1E7A4F7556}") = "Gui", "Gui\Gui.csproj", "{9B701288-B240-4BE6-A0E7-E53BE7672B19}"
EndProject
Project("{FAE04EC0-301F-11D3-BF4B-00C04F79EFBC}") = "DB", "DB\DB.csproj", "{8E0C3E06-DF88-4A02-9B4B-B2C2781CBEA6}"
EndProject
Global
	GlobalSection(SolutionConfigurationPlatforms) = preSolution
		Debug|Any CPU = Debug|Any CPU
		Release|Any CPU = Release|Any CPU
	EndGlobalSection
	GlobalSection(ProjectConfigurationPlatforms) = postSolution
		{9B701288-B240-4BE6-A0E7-E53BE7672B19}.Debug|Any CPU.ActiveCfg = Debug|Any CPU
		{9B701288-B240-4BE6-A0E7-E53BE7672B19}.Debug|Any CPU.Build.0 = Debug|Any CPU
		{9B701288-B240-4BE6-A0E7-E53BE7672B19}.Debug|Any CPU.Deploy.0 = Debug|Any CPU
		{9B701288-B240-4BE6-A0E7-E53BE7672B19}.Release|Any CPU.ActiveCfg = Release|Any CPU
		{9B701288-B240-4BE6-A0E7-E53BE7672B19}.Release|Any CPU.Build.0 = Release|Any CPU
		{9B701288-B240-4BE6-A0E7-E53BE7672B19}.Release|Any CPU.Deploy.0 = Release|Any CPU
		{8E0C3E06-DF88-4A02-9B4B-B2C2781CBEA6}.Debug|Any CPU.ActiveCfg = Debug|Any CPU
		{8E0C3E06-DF88-4A02-9B4B-B2C2781CBEA6}.Debug|Any CPU.Build.0 = Debug|Any CPU
		{8E0C3E06-DF88-4A02-9B4B-B2C2781CBEA6}.Release|Any CPU.ActiveCfg = Release|Any CPU
		{8E0C3E06-DF88-4A02-9B4B-B2C2781CBEA6}.Release|Any CPU.Build.0 = Release|Any CPU
	EndGlobalSection
	GlobalSection(SolutionProperties) = preSolution
		HideSolutionNode = FALSE
	EndGlobalSection
	GlobalSection(ExtensibilityGlobals) = postSolution
		SolutionGuid = {6C599C57-D9C5-416D-B23E-B53EDE5E58BB}
	EndGlobalSection
EndGlobal
