
Microsoft Visual Studio Solution File, Format Version 12.00
# Visual Studio Version 17
VisualStudioVersion = 17.9.34728.123
MinimumVisualStudioVersion = 10.0.40219.1
Project("{FAE04EC0-301F-11D3-BF4B-00C04F79EFBC}") = "Projekt24", "Projekt24.csproj", "{66D9CC33-7CDB-4A5E-A285-270079E554E7}"
EndProject
Project("{FAE04EC0-301F-11D3-BF4B-00C04F79EFBC}") = "API", "..\API\API.csproj", "{2521D6A8-E565-420D-9BE5-40A76A54BB96}"
EndProject
Global
	GlobalSection(SolutionConfigurationPlatforms) = preSolution
		Debug|Any CPU = Debug|Any CPU
		Release|Any CPU = Release|Any CPU
	EndGlobalSection
	GlobalSection(ProjectConfigurationPlatforms) = postSolution
		{66D9CC33-7CDB-4A5E-A285-270079E554E7}.Debug|Any CPU.ActiveCfg = Debug|Any CPU
		{66D9CC33-7CDB-4A5E-A285-270079E554E7}.Debug|Any CPU.Build.0 = Debug|Any CPU
		{66D9CC33-7CDB-4A5E-A285-270079E554E7}.Debug|Any CPU.Deploy.0 = Debug|Any CPU
		{66D9CC33-7CDB-4A5E-A285-270079E554E7}.Release|Any CPU.ActiveCfg = Release|Any CPU
		{66D9CC33-7CDB-4A5E-A285-270079E554E7}.Release|Any CPU.Build.0 = Release|Any CPU
		{66D9CC33-7CDB-4A5E-A285-270079E554E7}.Release|Any CPU.Deploy.0 = Release|Any CPU
		{2521D6A8-E565-420D-9BE5-40A76A54BB96}.Debug|Any CPU.ActiveCfg = Debug|Any CPU
		{2521D6A8-E565-420D-9BE5-40A76A54BB96}.Debug|Any CPU.Build.0 = Debug|Any CPU
		{2521D6A8-E565-420D-9BE5-40A76A54BB96}.Release|Any CPU.ActiveCfg = Release|Any CPU
		{2521D6A8-E565-420D-9BE5-40A76A54BB96}.Release|Any CPU.Build.0 = Release|Any CPU
	EndGlobalSection
	GlobalSection(SolutionProperties) = preSolution
		HideSolutionNode = FALSE
	EndGlobalSection
	GlobalSection(ExtensibilityGlobals) = postSolution
		SolutionGuid = {A66D02BB-08C4-48EF-8476-35F9E51480CF}
	EndGlobalSection
EndGlobal
