
Microsoft Visual Studio Solution File, Format Version 12.00
# Visual Studio Version 17
VisualStudioVersion = 17.7.34024.191
MinimumVisualStudioVersion = 10.0.40219.1
Project("{9A19103F-16F7-4668-BE54-9A1E7A4F7556}") = "Lab0", "Lab0.csproj", "{06767ACA-DFFE-4791-9409-FB004CCEB007}"
EndProject
Project("{9A19103F-16F7-4668-BE54-9A1E7A4F7556}") = "Tests", "..\Tests\Tests.csproj", "{FCB9D64E-E2C8-496F-A337-D8940C5007B6}"
	ProjectSection(ProjectDependencies) = postProject
		{0DB46E40-560E-4F9D-8C7E-E243E01CD812} = {0DB46E40-560E-4F9D-8C7E-E243E01CD812}
		{22B0EAB6-AF49-44F2-B27C-7A91EF6D622C} = {22B0EAB6-AF49-44F2-B27C-7A91EF6D622C}
		{64742075-431E-44C0-8F9E-0A51B1F722E3} = {64742075-431E-44C0-8F9E-0A51B1F722E3}
		{E05CA61B-3216-4F6D-9244-D8ED83DCCBB1} = {E05CA61B-3216-4F6D-9244-D8ED83DCCBB1}
		{F74835F3-937F-44D9-9409-21D9978D04A5} = {F74835F3-937F-44D9-9409-21D9978D04A5}
	EndProjectSection
EndProject
Project("{9A19103F-16F7-4668-BE54-9A1E7A4F7556}") = "Lab01", "..\Lab01\Lab01.csproj", "{64742075-431E-44C0-8F9E-0A51B1F722E3}"
EndProject
Project("{9A19103F-16F7-4668-BE54-9A1E7A4F7556}") = "Lab02", "..\Lab02\Lab02.csproj", "{F74835F3-937F-44D9-9409-21D9978D04A5}"
EndProject
Project("{9A19103F-16F7-4668-BE54-9A1E7A4F7556}") = "Lab03", "..\Lab03\Lab03.csproj", "{22B0EAB6-AF49-44F2-B27C-7A91EF6D622C}"
EndProject
Project("{9A19103F-16F7-4668-BE54-9A1E7A4F7556}") = "Lab04", "..\Lab04\Lab04.csproj", "{0DB46E40-560E-4F9D-8C7E-E243E01CD812}"
EndProject
Project("{9A19103F-16F7-4668-BE54-9A1E7A4F7556}") = "Lab05", "..\Lab05\Lab05.csproj", "{E05CA61B-3216-4F6D-9244-D8ED83DCCBB1}"
EndProject
Project("{9A19103F-16F7-4668-BE54-9A1E7A4F7556}") = "thoerieStuff", "..\thoerieStuff\thoerieStuff.csproj", "{4B39D9AF-D8A8-4DCF-8D60-48FBBC5F7E5F}"
EndProject
Project("{9A19103F-16F7-4668-BE54-9A1E7A4F7556}") = "Lab06", "..\Lab06\Lab06.csproj", "{AFD27AA9-EC8B-4DE9-947D-37FAAB3E74BB}"
EndProject
Project("{9A19103F-16F7-4668-BE54-9A1E7A4F7556}") = "LinqUebung1", "..\LINQ-Pruefungsverwaltung\LINQ-Pruefungsverwaltung\LinqUebung1\LinqUebung1\LinqUebung1.csproj", "{EF109F23-233A-4943-B3A4-F86B340ABA98}"
EndProject
Project("{9A19103F-16F7-4668-BE54-9A1E7A4F7556}") = "AdventOfCode23", "..\AdventOfCode23\AdventOfCode23.csproj", "{B42D5FA8-1497-4A07-A8DE-A77B4ED57496}"
EndProject
Project("{9A19103F-16F7-4668-BE54-9A1E7A4F7556}") = "spg.Lab", "..\spg.Lab\spg.Lab.csproj", "{413408A9-94E4-44AD-80D0-E789B6592163}"
EndProject
Project("{9A19103F-16F7-4668-BE54-9A1E7A4F7556}") = "Lab09", "..\Lab09\Lab09.csproj", "{816A6B99-C3D9-4436-832B-F51D42786D9B}"
EndProject
Project("{9A19103F-16F7-4668-BE54-9A1E7A4F7556}") = "Augsten", "..\PLF_2_Augsten\Augsten\Augsten.csproj", "{75737006-C15F-48DE-8C63-E4BE44008F05}"
EndProject
Project("{9A19103F-16F7-4668-BE54-9A1E7A4F7556}") = "TestProject1", "..\PLF_2_Augsten\TestProject1\TestProject1.csproj", "{48F0154A-3A37-48DF-B1CC-9A8116D69724}"
EndProject
Project("{9A19103F-16F7-4668-BE54-9A1E7A4F7556}") = "Lab10", "..\Lab10\Lab10.csproj", "{17A09644-6713-4911-AEDB-32E258B4C358}"
EndProject
Project("{9A19103F-16F7-4668-BE54-9A1E7A4F7556}") = "ConsoleApp", "..\240110-ConsoleApp-Schule2023\ConsoleApp\ConsoleApp.csproj", "{96E432BE-DFA0-47E7-A64D-F1F2A910D06A}"
EndProject
Project("{9A19103F-16F7-4668-BE54-9A1E7A4F7556}") = "nwConsole", "..\Lab12\nwConsole\nwConsole.csproj", "{2E526431-5C72-4159-B864-CE15D8EEE341}"
EndProject
Project("{FAE04EC0-301F-11D3-BF4B-00C04F79EFBC}") = "Lab13", "..\Lab13\Lab13.csproj", "{260E099A-56CE-4CFD-A701-DBAA0CEDE16C}"
EndProject
Global
	GlobalSection(SolutionConfigurationPlatforms) = preSolution
		Debug|Any CPU = Debug|Any CPU
		Release|Any CPU = Release|Any CPU
	EndGlobalSection
	GlobalSection(ProjectConfigurationPlatforms) = postSolution
		{06767ACA-DFFE-4791-9409-FB004CCEB007}.Debug|Any CPU.ActiveCfg = Debug|Any CPU
		{06767ACA-DFFE-4791-9409-FB004CCEB007}.Debug|Any CPU.Build.0 = Debug|Any CPU
		{06767ACA-DFFE-4791-9409-FB004CCEB007}.Release|Any CPU.ActiveCfg = Release|Any CPU
		{06767ACA-DFFE-4791-9409-FB004CCEB007}.Release|Any CPU.Build.0 = Release|Any CPU
		{FCB9D64E-E2C8-496F-A337-D8940C5007B6}.Debug|Any CPU.ActiveCfg = Debug|Any CPU
		{FCB9D64E-E2C8-496F-A337-D8940C5007B6}.Debug|Any CPU.Build.0 = Debug|Any CPU
		{FCB9D64E-E2C8-496F-A337-D8940C5007B6}.Release|Any CPU.ActiveCfg = Release|Any CPU
		{FCB9D64E-E2C8-496F-A337-D8940C5007B6}.Release|Any CPU.Build.0 = Release|Any CPU
		{64742075-431E-44C0-8F9E-0A51B1F722E3}.Debug|Any CPU.ActiveCfg = Debug|Any CPU
		{64742075-431E-44C0-8F9E-0A51B1F722E3}.Debug|Any CPU.Build.0 = Debug|Any CPU
		{64742075-431E-44C0-8F9E-0A51B1F722E3}.Release|Any CPU.ActiveCfg = Release|Any CPU
		{64742075-431E-44C0-8F9E-0A51B1F722E3}.Release|Any CPU.Build.0 = Release|Any CPU
		{F74835F3-937F-44D9-9409-21D9978D04A5}.Debug|Any CPU.ActiveCfg = Debug|Any CPU
		{F74835F3-937F-44D9-9409-21D9978D04A5}.Debug|Any CPU.Build.0 = Debug|Any CPU
		{F74835F3-937F-44D9-9409-21D9978D04A5}.Release|Any CPU.ActiveCfg = Release|Any CPU
		{F74835F3-937F-44D9-9409-21D9978D04A5}.Release|Any CPU.Build.0 = Release|Any CPU
		{22B0EAB6-AF49-44F2-B27C-7A91EF6D622C}.Debug|Any CPU.ActiveCfg = Debug|Any CPU
		{22B0EAB6-AF49-44F2-B27C-7A91EF6D622C}.Debug|Any CPU.Build.0 = Debug|Any CPU
		{22B0EAB6-AF49-44F2-B27C-7A91EF6D622C}.Release|Any CPU.ActiveCfg = Release|Any CPU
		{22B0EAB6-AF49-44F2-B27C-7A91EF6D622C}.Release|Any CPU.Build.0 = Release|Any CPU
		{0DB46E40-560E-4F9D-8C7E-E243E01CD812}.Debug|Any CPU.ActiveCfg = Debug|Any CPU
		{0DB46E40-560E-4F9D-8C7E-E243E01CD812}.Debug|Any CPU.Build.0 = Debug|Any CPU
		{0DB46E40-560E-4F9D-8C7E-E243E01CD812}.Release|Any CPU.ActiveCfg = Release|Any CPU
		{0DB46E40-560E-4F9D-8C7E-E243E01CD812}.Release|Any CPU.Build.0 = Release|Any CPU
		{E05CA61B-3216-4F6D-9244-D8ED83DCCBB1}.Debug|Any CPU.ActiveCfg = Debug|Any CPU
		{E05CA61B-3216-4F6D-9244-D8ED83DCCBB1}.Debug|Any CPU.Build.0 = Debug|Any CPU
		{E05CA61B-3216-4F6D-9244-D8ED83DCCBB1}.Release|Any CPU.ActiveCfg = Release|Any CPU
		{E05CA61B-3216-4F6D-9244-D8ED83DCCBB1}.Release|Any CPU.Build.0 = Release|Any CPU
		{4B39D9AF-D8A8-4DCF-8D60-48FBBC5F7E5F}.Debug|Any CPU.ActiveCfg = Debug|Any CPU
		{4B39D9AF-D8A8-4DCF-8D60-48FBBC5F7E5F}.Debug|Any CPU.Build.0 = Debug|Any CPU
		{4B39D9AF-D8A8-4DCF-8D60-48FBBC5F7E5F}.Release|Any CPU.ActiveCfg = Release|Any CPU
		{4B39D9AF-D8A8-4DCF-8D60-48FBBC5F7E5F}.Release|Any CPU.Build.0 = Release|Any CPU
		{AFD27AA9-EC8B-4DE9-947D-37FAAB3E74BB}.Debug|Any CPU.ActiveCfg = Debug|Any CPU
		{AFD27AA9-EC8B-4DE9-947D-37FAAB3E74BB}.Debug|Any CPU.Build.0 = Debug|Any CPU
		{AFD27AA9-EC8B-4DE9-947D-37FAAB3E74BB}.Release|Any CPU.ActiveCfg = Release|Any CPU
		{AFD27AA9-EC8B-4DE9-947D-37FAAB3E74BB}.Release|Any CPU.Build.0 = Release|Any CPU
		{EF109F23-233A-4943-B3A4-F86B340ABA98}.Debug|Any CPU.ActiveCfg = Debug|Any CPU
		{EF109F23-233A-4943-B3A4-F86B340ABA98}.Debug|Any CPU.Build.0 = Debug|Any CPU
		{EF109F23-233A-4943-B3A4-F86B340ABA98}.Release|Any CPU.ActiveCfg = Release|Any CPU
		{EF109F23-233A-4943-B3A4-F86B340ABA98}.Release|Any CPU.Build.0 = Release|Any CPU
		{B42D5FA8-1497-4A07-A8DE-A77B4ED57496}.Debug|Any CPU.ActiveCfg = Debug|Any CPU
		{B42D5FA8-1497-4A07-A8DE-A77B4ED57496}.Debug|Any CPU.Build.0 = Debug|Any CPU
		{B42D5FA8-1497-4A07-A8DE-A77B4ED57496}.Release|Any CPU.ActiveCfg = Release|Any CPU
		{B42D5FA8-1497-4A07-A8DE-A77B4ED57496}.Release|Any CPU.Build.0 = Release|Any CPU
		{413408A9-94E4-44AD-80D0-E789B6592163}.Debug|Any CPU.ActiveCfg = Debug|Any CPU
		{413408A9-94E4-44AD-80D0-E789B6592163}.Debug|Any CPU.Build.0 = Debug|Any CPU
		{413408A9-94E4-44AD-80D0-E789B6592163}.Release|Any CPU.ActiveCfg = Release|Any CPU
		{413408A9-94E4-44AD-80D0-E789B6592163}.Release|Any CPU.Build.0 = Release|Any CPU
		{816A6B99-C3D9-4436-832B-F51D42786D9B}.Debug|Any CPU.ActiveCfg = Debug|Any CPU
		{816A6B99-C3D9-4436-832B-F51D42786D9B}.Debug|Any CPU.Build.0 = Debug|Any CPU
		{816A6B99-C3D9-4436-832B-F51D42786D9B}.Release|Any CPU.ActiveCfg = Release|Any CPU
		{816A6B99-C3D9-4436-832B-F51D42786D9B}.Release|Any CPU.Build.0 = Release|Any CPU
		{75737006-C15F-48DE-8C63-E4BE44008F05}.Debug|Any CPU.ActiveCfg = Debug|Any CPU
		{75737006-C15F-48DE-8C63-E4BE44008F05}.Debug|Any CPU.Build.0 = Debug|Any CPU
		{75737006-C15F-48DE-8C63-E4BE44008F05}.Release|Any CPU.ActiveCfg = Release|Any CPU
		{75737006-C15F-48DE-8C63-E4BE44008F05}.Release|Any CPU.Build.0 = Release|Any CPU
		{48F0154A-3A37-48DF-B1CC-9A8116D69724}.Debug|Any CPU.ActiveCfg = Debug|Any CPU
		{48F0154A-3A37-48DF-B1CC-9A8116D69724}.Debug|Any CPU.Build.0 = Debug|Any CPU
		{48F0154A-3A37-48DF-B1CC-9A8116D69724}.Release|Any CPU.ActiveCfg = Release|Any CPU
		{48F0154A-3A37-48DF-B1CC-9A8116D69724}.Release|Any CPU.Build.0 = Release|Any CPU
		{17A09644-6713-4911-AEDB-32E258B4C358}.Debug|Any CPU.ActiveCfg = Debug|Any CPU
		{17A09644-6713-4911-AEDB-32E258B4C358}.Debug|Any CPU.Build.0 = Debug|Any CPU
		{17A09644-6713-4911-AEDB-32E258B4C358}.Release|Any CPU.ActiveCfg = Release|Any CPU
		{17A09644-6713-4911-AEDB-32E258B4C358}.Release|Any CPU.Build.0 = Release|Any CPU
		{96E432BE-DFA0-47E7-A64D-F1F2A910D06A}.Debug|Any CPU.ActiveCfg = Debug|Any CPU
		{96E432BE-DFA0-47E7-A64D-F1F2A910D06A}.Debug|Any CPU.Build.0 = Debug|Any CPU
		{96E432BE-DFA0-47E7-A64D-F1F2A910D06A}.Release|Any CPU.ActiveCfg = Release|Any CPU
		{96E432BE-DFA0-47E7-A64D-F1F2A910D06A}.Release|Any CPU.Build.0 = Release|Any CPU
		{2E526431-5C72-4159-B864-CE15D8EEE341}.Debug|Any CPU.ActiveCfg = Debug|Any CPU
		{2E526431-5C72-4159-B864-CE15D8EEE341}.Debug|Any CPU.Build.0 = Debug|Any CPU
		{2E526431-5C72-4159-B864-CE15D8EEE341}.Release|Any CPU.ActiveCfg = Release|Any CPU
		{2E526431-5C72-4159-B864-CE15D8EEE341}.Release|Any CPU.Build.0 = Release|Any CPU
		{260E099A-56CE-4CFD-A701-DBAA0CEDE16C}.Debug|Any CPU.ActiveCfg = Debug|Any CPU
		{260E099A-56CE-4CFD-A701-DBAA0CEDE16C}.Debug|Any CPU.Build.0 = Debug|Any CPU
		{260E099A-56CE-4CFD-A701-DBAA0CEDE16C}.Release|Any CPU.ActiveCfg = Release|Any CPU
		{260E099A-56CE-4CFD-A701-DBAA0CEDE16C}.Release|Any CPU.Build.0 = Release|Any CPU
	EndGlobalSection
	GlobalSection(SolutionProperties) = preSolution
		HideSolutionNode = FALSE
	EndGlobalSection
	GlobalSection(ExtensibilityGlobals) = postSolution
		SolutionGuid = {14B1BB6D-F54B-499E-9035-92C11D10E965}
	EndGlobalSection
EndGlobal
